// !$*UTF8*$!
{
	archiveVersion = 1;
	classes = {
	};
	objectVersion = 46;
	objects = {

/* Begin PBXBuildFile section */
		9737F9ED1F384AFD00000800 /* main.m in Sources */ = {isa = PBXBuildFile; fileRef = 9737F9EC1F384AFD00000800 /* main.m */; };
		9737F9F01F384AFD00000800 /* AppDelegate.m in Sources */ = {isa = PBXBuildFile; fileRef = 9737F9EF1F384AFD00000800 /* AppDelegate.m */; };
		9737F9F81F384AFD00000800 /* Assets.xcassets in Resources */ = {isa = PBXBuildFile; fileRef = 9737F9F71F384AFD00000800 /* Assets.xcassets */; };
		9737FA031F385A2700000800 /* libbz2.tbd in Frameworks */ = {isa = PBXBuildFile; fileRef = 9737FA021F385A2700000800 /* libbz2.tbd */; };
		9774A2C01FF0D82900029216 /* Launch Screen.storyboard in Resources */ = {isa = PBXBuildFile; fileRef = 9774A2C21FF0D82900029216 /* Launch Screen.storyboard */; };
		9781D2F11FFF1D2A00BC2C34 /* bundle.zip in Resources */ = {isa = PBXBuildFile; fileRef = 9781D2EF1FFF1D2A00BC2C34 /* bundle.zip */; };
		9781D2F21FFF1D2A00BC2C34 /* bundle.config in Resources */ = {isa = PBXBuildFile; fileRef = 9781D2F01FFF1D2A00BC2C34 /* bundle.config */; };
		97A898EA1FB57A9E0095D77C /* eros.native.json in Resources */ = {isa = PBXBuildFile; fileRef = 97A898E91FB57A9D0095D77C /* eros.native.json */; };
		E1DE85A0A42930C50BEB1245 /* libPods-WeexEros.a in Frameworks */ = {isa = PBXBuildFile; fileRef = 5EE25A79A3A97DFB7A3158EC /* libPods-WeexEros.a */; };
/* End PBXBuildFile section */

/* Begin PBXFileReference section */
		3888DBE3AC1CB69EA6A6124E /* Pods-WeexEros.release.xcconfig */ = {isa = PBXFileReference; includeInIndex = 1; lastKnownFileType = text.xcconfig; name = "Pods-WeexEros.release.xcconfig"; path = "Pods/Target Support Files/Pods-WeexEros/Pods-WeexEros.release.xcconfig"; sourceTree = "<group>"; };
		5CEF84707EB054DDBAA36BA2 /* Pods-WeexEros.debug.xcconfig */ = {isa = PBXFileReference; includeInIndex = 1; lastKnownFileType = text.xcconfig; name = "Pods-WeexEros.debug.xcconfig"; path = "Pods/Target Support Files/Pods-WeexEros/Pods-WeexEros.debug.xcconfig"; sourceTree = "<group>"; };
		5EE25A79A3A97DFB7A3158EC /* libPods-WeexEros.a */ = {isa = PBXFileReference; explicitFileType = archive.ar; includeInIndex = 0; path = "libPods-WeexEros.a"; sourceTree = BUILT_PRODUCTS_DIR; };
		97155AC51F444E4200615307 /* WeexEros.entitlements */ = {isa = PBXFileReference; lastKnownFileType = text.plist.entitlements; path = WeexEros.entitlements; sourceTree = "<group>"; };
		9737F9E81F384AFD00000800 /* WeexEros.app */ = {isa = PBXFileReference; explicitFileType = wrapper.application; includeInIndex = 0; path = WeexEros.app; sourceTree = BUILT_PRODUCTS_DIR; };
		9737F9EC1F384AFD00000800 /* main.m */ = {isa = PBXFileReference; lastKnownFileType = sourcecode.c.objc; path = main.m; sourceTree = "<group>"; };
		9737F9EE1F384AFD00000800 /* AppDelegate.h */ = {isa = PBXFileReference; lastKnownFileType = sourcecode.c.h; path = AppDelegate.h; sourceTree = "<group>"; };
		9737F9EF1F384AFD00000800 /* AppDelegate.m */ = {isa = PBXFileReference; lastKnownFileType = sourcecode.c.objc; path = AppDelegate.m; sourceTree = "<group>"; };
		9737F9F71F384AFD00000800 /* Assets.xcassets */ = {isa = PBXFileReference; lastKnownFileType = folder.assetcatalog; path = Assets.xcassets; sourceTree = "<group>"; };
		9737F9FC1F384AFD00000800 /* Info.plist */ = {isa = PBXFileReference; lastKnownFileType = text.plist.xml; path = Info.plist; sourceTree = "<group>"; };
		9737FA021F385A2700000800 /* libbz2.tbd */ = {isa = PBXFileReference; lastKnownFileType = "sourcecode.text-based-dylib-definition"; name = libbz2.tbd; path = usr/lib/libbz2.tbd; sourceTree = SDKROOT; };
		9774A2C11FF0D82900029216 /* Base */ = {isa = PBXFileReference; lastKnownFileType = file.storyboard; name = Base; path = "Base.lproj/Launch Screen.storyboard"; sourceTree = "<group>"; };
		9774A2C31FF0D83500029216 /* en */ = {isa = PBXFileReference; lastKnownFileType = text.plist.strings; name = en; path = "en.lproj/Launch Screen.strings"; sourceTree = "<group>"; };
		9774A2C41FF0D88700029216 /* zh-Hans */ = {isa = PBXFileReference; lastKnownFileType = text.plist.strings; name = "zh-Hans"; path = "zh-Hans.lproj/Launch Screen.strings"; sourceTree = "<group>"; };
		9781D2EF1FFF1D2A00BC2C34 /* bundle.zip */ = {isa = PBXFileReference; lastKnownFileType = archive.zip; path = bundle.zip; sourceTree = "<group>"; };
		9781D2F01FFF1D2A00BC2C34 /* bundle.config */ = {isa = PBXFileReference; fileEncoding = 4; lastKnownFileType = text; path = bundle.config; sourceTree = "<group>"; };
		97A898E91FB57A9D0095D77C /* eros.native.json */ = {isa = PBXFileReference; fileEncoding = 4; lastKnownFileType = text.json; path = eros.native.json; sourceTree = "<group>"; };
/* End PBXFileReference section */

/* Begin PBXFrameworksBuildPhase section */
		9737F9E51F384AFD00000800 /* Frameworks */ = {
			isa = PBXFrameworksBuildPhase;
			buildActionMask = 2147483647;
			files = (
				9737FA031F385A2700000800 /* libbz2.tbd in Frameworks */,
				E1DE85A0A42930C50BEB1245 /* libPods-WeexEros.a in Frameworks */,
			);
			runOnlyForDeploymentPostprocessing = 0;
		};
/* End PBXFrameworksBuildPhase section */

/* Begin PBXGroup section */
		08A2E579FBE46A81503ECFE3 /* Pods */ = {
			isa = PBXGroup;
			children = (
				5CEF84707EB054DDBAA36BA2 /* Pods-WeexEros.debug.xcconfig */,
				3888DBE3AC1CB69EA6A6124E /* Pods-WeexEros.release.xcconfig */,
			);
			name = Pods;
			sourceTree = "<group>";
		};
		0E1742F2182AEBB6EEFE92C0 /* Frameworks */ = {
			isa = PBXGroup;
			children = (
				9737FA021F385A2700000800 /* libbz2.tbd */,
				5EE25A79A3A97DFB7A3158EC /* libPods-WeexEros.a */,
			);
			name = Frameworks;
			sourceTree = "<group>";
		};
		9737F9DF1F384AFD00000800 = {
			isa = PBXGroup;
			children = (
				9737F9EA1F384AFD00000800 /* WeexEros */,
				9737F9E91F384AFD00000800 /* Products */,
				08A2E579FBE46A81503ECFE3 /* Pods */,
				0E1742F2182AEBB6EEFE92C0 /* Frameworks */,
			);
			sourceTree = "<group>";
		};
		9737F9E91F384AFD00000800 /* Products */ = {
			isa = PBXGroup;
			children = (
				9737F9E81F384AFD00000800 /* WeexEros.app */,
			);
			name = Products;
			sourceTree = "<group>";
		};
		9737F9EA1F384AFD00000800 /* WeexEros */ = {
			isa = PBXGroup;
			children = (
				97155AC51F444E4200615307 /* WeexEros.entitlements */,
				9737F9EE1F384AFD00000800 /* AppDelegate.h */,
				9737F9EF1F384AFD00000800 /* AppDelegate.m */,
				9737F9F71F384AFD00000800 /* Assets.xcassets */,
				9737F9FC1F384AFD00000800 /* Info.plist */,
				9737F9EC1F384AFD00000800 /* main.m */,
				9737F9EB1F384AFD00000800 /* Supporting Files */,
			);
			path = WeexEros;
			sourceTree = "<group>";
		};
		9737F9EB1F384AFD00000800 /* Supporting Files */ = {
			isa = PBXGroup;
			children = (
				9781D2F01FFF1D2A00BC2C34 /* bundle.config */,
				9781D2EF1FFF1D2A00BC2C34 /* bundle.zip */,
				97A898E91FB57A9D0095D77C /* eros.native.json */,
				9774A2C21FF0D82900029216 /* Launch Screen.storyboard */,
			);
			name = "Supporting Files";
			sourceTree = "<group>";
		};
/* End PBXGroup section */

/* Begin PBXNativeTarget section */
		9737F9E71F384AFD00000800 /* WeexEros */ = {
			isa = PBXNativeTarget;
			buildConfigurationList = 9737F9FF1F384AFD00000800 /* Build configuration list for PBXNativeTarget "WeexEros" */;
			buildPhases = (
				9DE0048A6664627058926D93 /* [CP] Check Pods Manifest.lock */,
				9737F9E41F384AFD00000800 /* Sources */,
				9737F9E51F384AFD00000800 /* Frameworks */,
				9737F9E61F384AFD00000800 /* Resources */,
				7C8C7D724196AF2127FE5A05 /* [CP] Embed Pods Frameworks */,
				3BD915CA46C2120DF93B6216 /* [CP] Copy Pods Resources */,
			);
			buildRules = (
			);
			dependencies = (
			);
			name = WeexEros;
			productName = WeexEros;
			productReference = 9737F9E81F384AFD00000800 /* WeexEros.app */;
			productType = "com.apple.product-type.application";
		};
/* End PBXNativeTarget section */

/* Begin PBXProject section */
		9737F9E01F384AFD00000800 /* Project object */ = {
			isa = PBXProject;
			attributes = {
				LastUpgradeCheck = 0830;
				ORGANIZATIONNAME = benmu;
				TargetAttributes = {
					9737F9E71F384AFD00000800 = {
						CreatedOnToolsVersion = 8.3.3;
						DevelopmentTeam = ZZGYR626VG;
						ProvisioningStyle = Automatic;
						SystemCapabilities = {
							com.apple.BackgroundModes = {
								enabled = 1;
							};
							com.apple.Push = {
								enabled = 1;
							};
						};
					};
				};
			};
			buildConfigurationList = 9737F9E31F384AFD00000800 /* Build configuration list for PBXProject "WeexEros" */;
			compatibilityVersion = "Xcode 3.2";
			developmentRegion = English;
			hasScannedForEncodings = 0;
			knownRegions = (
				Base,
			);
			mainGroup = 9737F9DF1F384AFD00000800;
			productRefGroup = 9737F9E91F384AFD00000800 /* Products */;
			projectDirPath = "";
			projectRoot = "";
			targets = (
				9737F9E71F384AFD00000800 /* WeexEros */,
			);
		};
/* End PBXProject section */

/* Begin PBXResourcesBuildPhase section */
		9737F9E61F384AFD00000800 /* Resources */ = {
			isa = PBXResourcesBuildPhase;
			buildActionMask = 2147483647;
			files = (
				9737F9F81F384AFD00000800 /* Assets.xcassets in Resources */,
				9781D2F21FFF1D2A00BC2C34 /* bundle.config in Resources */,
				9781D2F11FFF1D2A00BC2C34 /* bundle.zip in Resources */,
				97A898EA1FB57A9E0095D77C /* eros.native.json in Resources */,
				9774A2C01FF0D82900029216 /* Launch Screen.storyboard in Resources */,
			);
			runOnlyForDeploymentPostprocessing = 0;
		};
/* End PBXResourcesBuildPhase section */

/* Begin PBXShellScriptBuildPhase section */
		3BD915CA46C2120DF93B6216 /* [CP] Copy Pods Resources */ = {
			isa = PBXShellScriptBuildPhase;
			buildActionMask = 2147483647;
			files = (
			);
			inputPaths = (
				"${SRCROOT}/Pods/Target Support Files/Pods-WeexEros/Pods-WeexEros-resources.sh",
				"${PODS_ROOT}/AMap3DMap-NO-IDFA/MAMapKit.framework/AMap.bundle",
				"${PODS_ROOT}/../Benmu-iOS-Library/BMComponent/Calendar/Resources/CalendarLeftArrows@2x.png",
				"${PODS_ROOT}/../Benmu-iOS-Library/BMComponent/Calendar/Resources/CalendarLeftArrows@3x.png",
				"${PODS_ROOT}/../Benmu-iOS-Library/BMComponent/Calendar/Resources/CalendarReightArrows@2x.png",
				"${PODS_ROOT}/../Benmu-iOS-Library/BMComponent/Calendar/Resources/CalendarReightArrows@3x.png",
				"${PODS_ROOT}/../Benmu-iOS-Library/BMComponent/Chart/Resources/bm-chart.html",
				"${PODS_ROOT}/../Benmu-iOS-Library/BMComponent/Chart/Resources/echarts.min.js",
				"${PODS_ROOT}/../Benmu-iOS-Library/BMController/Resources/decrease@2x.png",
				"${PODS_ROOT}/../Benmu-iOS-Library/BMController/Resources/endPoint@2x.png",
				"${PODS_ROOT}/../Benmu-iOS-Library/BMController/Resources/endPoint@3.png",
				"${PODS_ROOT}/../Benmu-iOS-Library/BMController/Resources/gpsStat1@2x.png",
				"${PODS_ROOT}/../Benmu-iOS-Library/BMController/Resources/increase@2x.png",
				"${PODS_ROOT}/../Benmu-iOS-Library/BMController/Resources/navIcon@2x.png",
				"${PODS_ROOT}/../Benmu-iOS-Library/BMController/Resources/navIcon@3x.png",
				"${PODS_ROOT}/../Benmu-iOS-Library/BMController/Resources/startPoint@2x.png",
				"${PODS_ROOT}/../Benmu-iOS-Library/BMController/Resources/startPoint@3x.png",
				"${PODS_ROOT}/../Benmu-iOS-Library/BMManager/Resources/actionFontSize@2x.png",
				"${PODS_ROOT}/../Benmu-iOS-Library/BMManager/Resources/actionFontSize@3x.png",
				"${PODS_ROOT}/../Benmu-iOS-Library/BMManager/Resources/actionIcon@2x.png",
				"${PODS_ROOT}/../Benmu-iOS-Library/BMManager/Resources/actionIcon@3x.png",
				"${PODS_ROOT}/../Benmu-iOS-Library/BMManager/Resources/feedback@2x.png",
				"${PODS_ROOT}/../Benmu-iOS-Library/BMManager/Resources/feedback@3x.png",
				"${PODS_ROOT}/../Benmu-iOS-Library/BMManager/Resources/share_icon@2x.png",
				"${PODS_ROOT}/../Benmu-iOS-Library/BMManager/Resources/share_icon@3x.png",
				"${PODS_ROOT}/../Benmu-iOS-Library/BMManager/Resources/share_pasteboard@2x.png",
				"${PODS_ROOT}/../Benmu-iOS-Library/BMManager/Resources/share_pasteboard@3x.png",
				"${PODS_ROOT}/../Benmu-iOS-Library/BMManager/Resources/share_wechatSession@2x.png",
				"${PODS_ROOT}/../Benmu-iOS-Library/BMManager/Resources/share_wechatSession@3x.png",
				"${PODS_ROOT}/../Benmu-iOS-Library/BMManager/Resources/share_wechatTimeLine@2x.png",
				"${PODS_ROOT}/../Benmu-iOS-Library/BMManager/Resources/share_wechatTimeLine@3x.png",
				"${PODS_ROOT}/../Benmu-iOS-Library/BMModule/Modal/SVProgressHUD/SVProgressHUD.bundle",
				"${PODS_ROOT}/../Benmu-iOS-Library/BMWeexExtension/Resources/bm-base.js",
				"${PODS_ROOT}/../Benmu-iOS-Library/BMWeexExtension/Resources/arrowInKeyboard@2x.png",
				"${PODS_ROOT}/../Benmu-iOS-Library/Weexplugin/Resources/greenPin.png",
				"${PODS_ROOT}/../Benmu-iOS-Library/Weexplugin/Resources/greenPin@2x.png",
				"${PODS_ROOT}/../Benmu-iOS-Library/Weexplugin/Resources/greenPin@3x.png",
				"${PODS_ROOT}/MJRefresh/MJRefresh/MJRefresh.bundle",
				"${PODS_ROOT}/TZImagePickerController/TZImagePickerController/TZImagePickerController/TZImagePickerController.bundle",
				"${PODS_ROOT}/UMengUShare/UShareSDK/UMSocialSDK/UMSocialSDKPromptResources.bundle",
				"${PODS_ROOT}/../WeexiOSSDK/WeexSDK/Resources/native-bundle-main.js",
				"${PODS_ROOT}/../WeexiOSSDK/WeexSDK/Resources/wx_load_error@3x.png",
			);
			name = "[CP] Copy Pods Resources";
			outputPaths = (
				"${TARGET_BUILD_DIR}/${UNLOCALIZED_RESOURCES_FOLDER_PATH}",
			);
			runOnlyForDeploymentPostprocessing = 0;
			shellPath = /bin/sh;
			shellScript = "\"${SRCROOT}/Pods/Target Support Files/Pods-WeexEros/Pods-WeexEros-resources.sh\"\n";
			showEnvVarsInLog = 0;
		};
		7C8C7D724196AF2127FE5A05 /* [CP] Embed Pods Frameworks */ = {
			isa = PBXShellScriptBuildPhase;
			buildActionMask = 2147483647;
			files = (
			);
			inputPaths = (
			);
			name = "[CP] Embed Pods Frameworks";
			outputPaths = (
			);
			runOnlyForDeploymentPostprocessing = 0;
			shellPath = /bin/sh;
			shellScript = "\"${SRCROOT}/Pods/Target Support Files/Pods-WeexEros/Pods-WeexEros-frameworks.sh\"\n";
			showEnvVarsInLog = 0;
		};
		9DE0048A6664627058926D93 /* [CP] Check Pods Manifest.lock */ = {
			isa = PBXShellScriptBuildPhase;
			buildActionMask = 2147483647;
			files = (
			);
			inputPaths = (
				"${PODS_PODFILE_DIR_PATH}/Podfile.lock",
				"${PODS_ROOT}/Manifest.lock",
			);
			name = "[CP] Check Pods Manifest.lock";
			outputPaths = (
				"$(DERIVED_FILE_DIR)/Pods-WeexEros-checkManifestLockResult.txt",
			);
			runOnlyForDeploymentPostprocessing = 0;
			shellPath = /bin/sh;
			shellScript = "diff \"${PODS_PODFILE_DIR_PATH}/Podfile.lock\" \"${PODS_ROOT}/Manifest.lock\" > /dev/null\nif [ $? != 0 ] ; then\n    # print error to STDERR\n    echo \"error: The sandbox is not in sync with the Podfile.lock. Run 'pod install' or update your CocoaPods installation.\" >&2\n    exit 1\nfi\n";
			showEnvVarsInLog = 0;
		};
/* End PBXShellScriptBuildPhase section */

/* Begin PBXSourcesBuildPhase section */
		9737F9E41F384AFD00000800 /* Sources */ = {
			isa = PBXSourcesBuildPhase;
			buildActionMask = 2147483647;
			files = (
				9737F9F01F384AFD00000800 /* AppDelegate.m in Sources */,
				9737F9ED1F384AFD00000800 /* main.m in Sources */,
			);
			runOnlyForDeploymentPostprocessing = 0;
		};
/* End PBXSourcesBuildPhase section */

/* Begin PBXVariantGroup section */
		9774A2C21FF0D82900029216 /* Launch Screen.storyboard */ = {
			isa = PBXVariantGroup;
			children = (
				9774A2C11FF0D82900029216 /* Base */,
				9774A2C31FF0D83500029216 /* en */,
				9774A2C41FF0D88700029216 /* zh-Hans */,
			);
			name = "Launch Screen.storyboard";
			sourceTree = "<group>";
		};
/* End PBXVariantGroup section */

/* Begin XCBuildConfiguration section */
		9737F9FD1F384AFD00000800 /* Debug */ = {
			isa = XCBuildConfiguration;
			buildSettings = {
				ALWAYS_SEARCH_USER_PATHS = NO;
				CLANG_ANALYZER_LOCALIZABILITY_NONLOCALIZED = YES;
				CLANG_ANALYZER_NONNULL = YES;
				CLANG_ANALYZER_NUMBER_OBJECT_CONVERSION = YES_AGGRESSIVE;
				CLANG_CXX_LANGUAGE_STANDARD = "gnu++0x";
				CLANG_CXX_LIBRARY = "libc++";
				CLANG_ENABLE_MODULES = YES;
				CLANG_ENABLE_OBJC_ARC = YES;
				CLANG_WARN_BOOL_CONVERSION = YES;
				CLANG_WARN_CONSTANT_CONVERSION = YES;
				CLANG_WARN_DIRECT_OBJC_ISA_USAGE = YES_ERROR;
				CLANG_WARN_DOCUMENTATION_COMMENTS = YES;
				CLANG_WARN_EMPTY_BODY = YES;
				CLANG_WARN_ENUM_CONVERSION = YES;
				CLANG_WARN_INFINITE_RECURSION = YES;
				CLANG_WARN_INT_CONVERSION = YES;
				CLANG_WARN_OBJC_ROOT_CLASS = YES_ERROR;
				CLANG_WARN_SUSPICIOUS_MOVE = YES;
				CLANG_WARN_UNREACHABLE_CODE = YES;
				CLANG_WARN__DUPLICATE_METHOD_MATCH = YES;
				"CODE_SIGN_IDENTITY[sdk=iphoneos*]" = "iPhone Developer";
				COPY_PHASE_STRIP = NO;
				DEBUG_INFORMATION_FORMAT = dwarf;
				ENABLE_STRICT_OBJC_MSGSEND = YES;
				ENABLE_TESTABILITY = YES;
				GCC_C_LANGUAGE_STANDARD = gnu99;
				GCC_DYNAMIC_NO_PIC = NO;
				GCC_NO_COMMON_BLOCKS = YES;
				GCC_OPTIMIZATION_LEVEL = 0;
				GCC_PREPROCESSOR_DEFINITIONS = (
					"DEBUG=1",
					"$(inherited)",
				);
				GCC_WARN_64_TO_32_BIT_CONVERSION = YES;
				GCC_WARN_ABOUT_RETURN_TYPE = YES_ERROR;
				GCC_WARN_UNDECLARED_SELECTOR = YES;
				GCC_WARN_UNINITIALIZED_AUTOS = YES_AGGRESSIVE;
				GCC_WARN_UNUSED_FUNCTION = YES;
				GCC_WARN_UNUSED_VARIABLE = YES;
				IPHONEOS_DEPLOYMENT_TARGET = 10.3;
				MTL_ENABLE_DEBUG_INFO = YES;
				ONLY_ACTIVE_ARCH = YES;
				SDKROOT = iphoneos;
			};
			name = Debug;
		};
		9737F9FE1F384AFD00000800 /* Release */ = {
			isa = XCBuildConfiguration;
			buildSettings = {
				ALWAYS_SEARCH_USER_PATHS = NO;
				CLANG_ANALYZER_LOCALIZABILITY_NONLOCALIZED = YES;
				CLANG_ANALYZER_NONNULL = YES;
				CLANG_ANALYZER_NUMBER_OBJECT_CONVERSION = YES_AGGRESSIVE;
				CLANG_CXX_LANGUAGE_STANDARD = "gnu++0x";
				CLANG_CXX_LIBRARY = "libc++";
				CLANG_ENABLE_MODULES = YES;
				CLANG_ENABLE_OBJC_ARC = YES;
				CLANG_WARN_BOOL_CONVERSION = YES;
				CLANG_WARN_CONSTANT_CONVERSION = YES;
				CLANG_WARN_DIRECT_OBJC_ISA_USAGE = YES_ERROR;
				CLANG_WARN_DOCUMENTATION_COMMENTS = YES;
				CLANG_WARN_EMPTY_BODY = YES;
				CLANG_WARN_ENUM_CONVERSION = YES;
				CLANG_WARN_INFINITE_RECURSION = YES;
				CLANG_WARN_INT_CONVERSION = YES;
				CLANG_WARN_OBJC_ROOT_CLASS = YES_ERROR;
				CLANG_WARN_SUSPICIOUS_MOVE = YES;
				CLANG_WARN_UNREACHABLE_CODE = YES;
				CLANG_WARN__DUPLICATE_METHOD_MATCH = YES;
				"CODE_SIGN_IDENTITY[sdk=iphoneos*]" = "iPhone Developer";
				COPY_PHASE_STRIP = NO;
				DEBUG_INFORMATION_FORMAT = "dwarf-with-dsym";
				ENABLE_NS_ASSERTIONS = NO;
				ENABLE_STRICT_OBJC_MSGSEND = YES;
				GCC_C_LANGUAGE_STANDARD = gnu99;
				GCC_NO_COMMON_BLOCKS = YES;
				GCC_WARN_64_TO_32_BIT_CONVERSION = YES;
				GCC_WARN_ABOUT_RETURN_TYPE = YES_ERROR;
				GCC_WARN_UNDECLARED_SELECTOR = YES;
				GCC_WARN_UNINITIALIZED_AUTOS = YES_AGGRESSIVE;
				GCC_WARN_UNUSED_FUNCTION = YES;
				GCC_WARN_UNUSED_VARIABLE = YES;
				IPHONEOS_DEPLOYMENT_TARGET = 10.3;
				MTL_ENABLE_DEBUG_INFO = NO;
				SDKROOT = iphoneos;
				VALIDATE_PRODUCT = YES;
			};
			name = Release;
		};
		9737FA001F384AFD00000800 /* Debug */ = {
			isa = XCBuildConfiguration;
			baseConfigurationReference = 5CEF84707EB054DDBAA36BA2 /* Pods-WeexEros.debug.xcconfig */;
			buildSettings = {
				ASSETCATALOG_COMPILER_APPICON_NAME = AppIcon;
				ASSETCATALOG_COMPILER_LAUNCHIMAGE_NAME = LaunchImage;
				CODE_SIGN_ENTITLEMENTS = WeexEros/WeexEros.entitlements;
				DEVELOPMENT_TEAM = ZZGYR626VG;
				ENABLE_BITCODE = YES;
				INFOPLIST_FILE = WeexEros/Info.plist;
				IPHONEOS_DEPLOYMENT_TARGET = 8.0;
				LD_RUNPATH_SEARCH_PATHS = "$(inherited) @executable_path/Frameworks";
				ONLY_ACTIVE_ARCH = YES;
				OTHER_LDFLAGS = (
					"$(inherited)",
					"-ObjC",
					"-l\"AFNetworking\"",
					"-l\"BMBaseLibrary\"",
					"-l\"FSCalendar\"",
					"-l\"MJRefresh\"",
					"-l\"Masonry\"",
					"-l\"Realm\"",
					"-l\"SDWebImage\"",
					"-l\"SSZipArchive\"",
					"-l\"SocialWeChat\"",
					"-l\"SocketRocket\"",
					"-l\"TZImagePickerController\"",
					"-l\"UMSocialLog\"",
					"-l\"WeChatSDK\"",
					"-l\"WeexSDK\"",
					"-l\"YTKNetwork\"",
					"-l\"YYModel\"",
					"-l\"YYText\"",
					"-l\"c++\"",
					"-l\"icucore\"",
					"-l\"realmcore-ios\"",
					"-l\"sqlite3\"",
					"-l\"sqlite3.0\"",
					"-l\"stdc++\"",
					"-l\"stdc++.6.0.9\"",
					"-l\"z\"",
					"-framework",
					"\"AMapFoundationKit\"",
					"-framework",
					"\"AVFoundation\"",
					"-framework",
					"\"AVKit\"",
					"-framework",
					"\"Accelerate\"",
					"-framework",
					"\"AudioToolbox\"",
					"-framework",
					"\"CFNetwork\"",
					"-framework",
					"\"CoreData\"",
					"-framework",
					"\"CoreFoundation\"",
					"-framework",
					"\"CoreGraphics\"",
					"-framework",
					"\"CoreLocation\"",
					"-framework",
					"\"CoreMedia\"",
					"-framework",
					"\"CoreTelephony\"",
					"-framework",
					"\"CoreText\"",
					"-framework",
					"\"Foundation\"",
					"-framework",
					"\"GLKit\"",
					"-framework",
					"\"ImageIO\"",
					"-framework",
					"\"JavaScriptCore\"",
					"-framework",
					"\"MAMapKit\"",
					"-framework",
					"\"MediaPlayer\"",
					"-framework",
					"\"MobileCoreServices\"",
					"-framework",
					"\"OpenGLES\"",
					"-framework",
					"\"QuartzCore\"",
					"-framework",
					"\"Security\"",
					"-framework",
					"\"SystemConfiguration\"",
					"-framework",
					"\"UIKit\"",
					"-framework",
					"\"UMMobClick\"",
					"-framework",
					"\"UMSocialCore\"",
					"-framework",
					"\"UMSocialNetwork\"",
					"-weak_framework",
					"\"UserNotifications\"",
				);
				PRODUCT_BUNDLE_IDENTIFIER = "com.benmu-health.eros";
				PRODUCT_NAME = "$(TARGET_NAME)";
			};
			name = Debug;
		};
		9737FA011F384AFD00000800 /* Release */ = {
			isa = XCBuildConfiguration;
			baseConfigurationReference = 3888DBE3AC1CB69EA6A6124E /* Pods-WeexEros.release.xcconfig */;
			buildSettings = {
				ASSETCATALOG_COMPILER_APPICON_NAME = AppIcon;
				ASSETCATALOG_COMPILER_LAUNCHIMAGE_NAME = LaunchImage;
				CODE_SIGN_ENTITLEMENTS = WeexEros/WeexEros.entitlements;
				DEVELOPMENT_TEAM = ZZGYR626VG;
				ENABLE_BITCODE = YES;
				INFOPLIST_FILE = WeexEros/Info.plist;
				IPHONEOS_DEPLOYMENT_TARGET = 8.0;
				LD_RUNPATH_SEARCH_PATHS = "$(inherited) @executable_path/Frameworks";
				ONLY_ACTIVE_ARCH = NO;
				OTHER_LDFLAGS = (
					"$(inherited)",
					"-ObjC",
					"-l\"AFNetworking\"",
					"-l\"BMBaseLibrary\"",
					"-l\"FSCalendar\"",
					"-l\"MJRefresh\"",
					"-l\"Masonry\"",
					"-l\"Realm\"",
					"-l\"SDWebImage\"",
					"-l\"SSZipArchive\"",
					"-l\"SocialWeChat\"",
					"-l\"SocketRocket\"",
					"-l\"TZImagePickerController\"",
					"-l\"UMSocialLog\"",
					"-l\"WeChatSDK\"",
					"-l\"WeexSDK\"",
					"-l\"YTKNetwork\"",
					"-l\"YYModel\"",
					"-l\"YYText\"",
					"-l\"c++\"",
					"-l\"icucore\"",
					"-l\"realmcore-ios\"",
					"-l\"sqlite3\"",
					"-l\"sqlite3.0\"",
					"-l\"stdc++\"",
					"-l\"stdc++.6.0.9\"",
					"-l\"z\"",
					"-framework",
					"\"AMapFoundationKit\"",
					"-framework",
					"\"AVFoundation\"",
					"-framework",
					"\"AVKit\"",
					"-framework",
					"\"Accelerate\"",
					"-framework",
					"\"AudioToolbox\"",
					"-framework",
					"\"CFNetwork\"",
					"-framework",
					"\"CoreData\"",
					"-framework",
					"\"CoreFoundation\"",
					"-framework",
					"\"CoreGraphics\"",
					"-framework",
					"\"CoreLocation\"",
					"-framework",
					"\"CoreMedia\"",
					"-framework",
					"\"CoreTelephony\"",
					"-framework",
					"\"CoreText\"",
					"-framework",
					"\"Foundation\"",
					"-framework",
					"\"GLKit\"",
					"-framework",
					"\"ImageIO\"",
					"-framework",
					"\"JavaScriptCore\"",
					"-framework",
					"\"MAMapKit\"",
					"-framework",
					"\"MediaPlayer\"",
					"-framework",
					"\"MobileCoreServices\"",
					"-framework",
					"\"OpenGLES\"",
					"-framework",
					"\"QuartzCore\"",
					"-framework",
					"\"Security\"",
					"-framework",
					"\"SystemConfiguration\"",
					"-framework",
					"\"UIKit\"",
					"-framework",
					"\"UMMobClick\"",
					"-framework",
					"\"UMSocialCore\"",
					"-framework",
					"\"UMSocialNetwork\"",
					"-weak_framework",
					"\"UserNotifications\"",
				);
				PRODUCT_BUNDLE_IDENTIFIER = "com.benmu-health.eros";
				PRODUCT_NAME = "$(TARGET_NAME)";
			};
			name = Release;
		};
/* End XCBuildConfiguration section */

/* Begin XCConfigurationList section */
		9737F9E31F384AFD00000800 /* Build configuration list for PBXProject "WeexEros" */ = {
			isa = XCConfigurationList;
			buildConfigurations = (
				9737F9FD1F384AFD00000800 /* Debug */,
				9737F9FE1F384AFD00000800 /* Release */,
			);
			defaultConfigurationIsVisible = 0;
			defaultConfigurationName = Release;
		};
		9737F9FF1F384AFD00000800 /* Build configuration list for PBXNativeTarget "WeexEros" */ = {
			isa = XCConfigurationList;
			buildConfigurations = (
				9737FA001F384AFD00000800 /* Debug */,
				9737FA011F384AFD00000800 /* Release */,
			);
			defaultConfigurationIsVisible = 0;
			defaultConfigurationName = Release;
		};
/* End XCConfigurationList section */
	};
	rootObject = 9737F9E01F384AFD00000800 /* Project object */;
}
